
Microsoft Visual Studio Solution File, Format Version 12.00
# Visual Studio 15
VisualStudioVersion = 15.0.27428.2002
MinimumVisualStudioVersion = 10.0.40219.1
Project("{8BC9CEB8-8B4A-11D0-8D11-00A0C91BC942}") = "Chapitre1_Constructeur", "Chapitre1_Constructeur\Chapitre1_Constructeur.vcxproj", "{52D545C2-7DE5-455C-90DD-1380C3C8DB99}"
EndProject
Global
	GlobalSection(SolutionConfigurationPlatforms) = preSolution
		Debug|x64 = Debug|x64
		Debug|x86 = Debug|x86
		Release|x64 = Release|x64
		Release|x86 = Release|x86
	EndGlobalSection
	GlobalSection(ProjectConfigurationPlatforms) = postSolution
		{52D545C2-7DE5-455C-90DD-1380C3C8DB99}.Debug|x64.ActiveCfg = Debug|x64
		{52D545C2-7DE5-455C-90DD-1380C3C8DB99}.Debug|x64.Build.0 = Debug|x64
		{52D545C2-7DE5-455C-90DD-1380C3C8DB99}.Debug|x86.ActiveCfg = Debug|Win32
		{52D545C2-7DE5-455C-90DD-1380C3C8DB99}.Debug|x86.Build.0 = Debug|Win32
		{52D545C2-7DE5-455C-90DD-1380C3C8DB99}.Release|x64.ActiveCfg = Release|x64
		{52D545C2-7DE5-455C-90DD-1380C3C8DB99}.Release|x64.Build.0 = Release|x64
		{52D545C2-7DE5-455C-90DD-1380C3C8DB99}.Release|x86.ActiveCfg = Release|Win32
		{52D545C2-7DE5-455C-90DD-1380C3C8DB99}.Release|x86.Build.0 = Release|Win32
	EndGlobalSection
	GlobalSection(SolutionProperties) = preSolution
		HideSolutionNode = FALSE
	EndGlobalSection
	GlobalSection(ExtensibilityGlobals) = postSolution
		SolutionGuid = {F629BBD9-0B3F-4B10-8877-B138CA742204}
	EndGlobalSection
EndGlobal
