
Microsoft Visual Studio Solution File, Format Version 12.00
# Visual Studio 2017
Project("{FAE04EC0-301F-11D3-BF4B-00C04F79EFBC}") = "GameplayTP3GymReady.Plugins", "GameplayTP3GymReady.Plugins.csproj", "{ECC39BBF-2C17-8DFF-E56A-0120295555F5}"
EndProject
Project("{FAE04EC0-301F-11D3-BF4B-00C04F79EFBC}") = "GameplayTP3GymReady", "GameplayTP3GymReady.csproj", "{D062765F-C23A-7801-778D-3E66E1C2FA93}"
EndProject
Global
	GlobalSection(SolutionConfigurationPlatforms) = preSolution
		Debug|Any CPU = Debug|Any CPU
		Release|Any CPU = Release|Any CPU
	EndGlobalSection
	GlobalSection(ProjectConfigurationPlatforms) = postSolution
		{ECC39BBF-2C17-8DFF-E56A-0120295555F5}.Debug|Any CPU.ActiveCfg = Debug|Any CPU
		{ECC39BBF-2C17-8DFF-E56A-0120295555F5}.Debug|Any CPU.Build.0 = Debug|Any CPU
		{ECC39BBF-2C17-8DFF-E56A-0120295555F5}.Release|Any CPU.ActiveCfg = Release|Any CPU
		{ECC39BBF-2C17-8DFF-E56A-0120295555F5}.Release|Any CPU.Build.0 = Release|Any CPU
		{D062765F-C23A-7801-778D-3E66E1C2FA93}.Debug|Any CPU.ActiveCfg = Debug|Any CPU
		{D062765F-C23A-7801-778D-3E66E1C2FA93}.Debug|Any CPU.Build.0 = Debug|Any CPU
		{D062765F-C23A-7801-778D-3E66E1C2FA93}.Release|Any CPU.ActiveCfg = Release|Any CPU
		{D062765F-C23A-7801-778D-3E66E1C2FA93}.Release|Any CPU.Build.0 = Release|Any CPU
	EndGlobalSection
	GlobalSection(SolutionProperties) = preSolution
		HideSolutionNode = FALSE
	EndGlobalSection
EndGlobal
