
Microsoft Visual Studio Solution File, Format Version 12.00
# Visual Studio 2017
Project("{FAE04EC0-301F-11D3-BF4B-00C04F79EFBC}") = "TP3GamplayGym.Plugins", "TP3GamplayGym.Plugins.csproj", "{EF82F30B-F186-ED09-FD74-D895BEC222D2}"
EndProject
Project("{FAE04EC0-301F-11D3-BF4B-00C04F79EFBC}") = "TP3GamplayGym", "TP3GamplayGym.csproj", "{9719AE6F-77EA-F71F-538F-7534BD32AFC6}"
EndProject
Global
	GlobalSection(SolutionConfigurationPlatforms) = preSolution
		Debug|Any CPU = Debug|Any CPU
		Release|Any CPU = Release|Any CPU
	EndGlobalSection
	GlobalSection(ProjectConfigurationPlatforms) = postSolution
		{EF82F30B-F186-ED09-FD74-D895BEC222D2}.Debug|Any CPU.ActiveCfg = Debug|Any CPU
		{EF82F30B-F186-ED09-FD74-D895BEC222D2}.Debug|Any CPU.Build.0 = Debug|Any CPU
		{EF82F30B-F186-ED09-FD74-D895BEC222D2}.Release|Any CPU.ActiveCfg = Release|Any CPU
		{EF82F30B-F186-ED09-FD74-D895BEC222D2}.Release|Any CPU.Build.0 = Release|Any CPU
		{9719AE6F-77EA-F71F-538F-7534BD32AFC6}.Debug|Any CPU.ActiveCfg = Debug|Any CPU
		{9719AE6F-77EA-F71F-538F-7534BD32AFC6}.Debug|Any CPU.Build.0 = Debug|Any CPU
		{9719AE6F-77EA-F71F-538F-7534BD32AFC6}.Release|Any CPU.ActiveCfg = Release|Any CPU
		{9719AE6F-77EA-F71F-538F-7534BD32AFC6}.Release|Any CPU.Build.0 = Release|Any CPU
	EndGlobalSection
	GlobalSection(SolutionProperties) = preSolution
		HideSolutionNode = FALSE
	EndGlobalSection
EndGlobal
