
Microsoft Visual Studio Solution File, Format Version 12.00
# Visual Studio 2017
Project("{FAE04EC0-301F-11D3-BF4B-00C04F79EFBC}") = "Gizmos", "Gizmos.csproj", "{51DB67E9-6CBE-9D98-0BEF-3D5515946CEC}"
EndProject
Global
	GlobalSection(SolutionConfigurationPlatforms) = preSolution
		Debug|Any CPU = Debug|Any CPU
		Release|Any CPU = Release|Any CPU
	EndGlobalSection
	GlobalSection(ProjectConfigurationPlatforms) = postSolution
		{51DB67E9-6CBE-9D98-0BEF-3D5515946CEC}.Debug|Any CPU.ActiveCfg = Debug|Any CPU
		{51DB67E9-6CBE-9D98-0BEF-3D5515946CEC}.Debug|Any CPU.Build.0 = Debug|Any CPU
		{51DB67E9-6CBE-9D98-0BEF-3D5515946CEC}.Release|Any CPU.ActiveCfg = Release|Any CPU
		{51DB67E9-6CBE-9D98-0BEF-3D5515946CEC}.Release|Any CPU.Build.0 = Release|Any CPU
	EndGlobalSection
	GlobalSection(SolutionProperties) = preSolution
		HideSolutionNode = FALSE
	EndGlobalSection
EndGlobal
