
Microsoft Visual Studio Solution File, Format Version 12.00
# Visual Studio 2017
Project("{FAE04EC0-301F-11D3-BF4B-00C04F79EFBC}") = "MarioControler", "MarioControler.csproj", "{16E22602-6571-4FA6-51B4-FAB5AFC6640A}"
EndProject
Project("{FAE04EC0-301F-11D3-BF4B-00C04F79EFBC}") = "MarioControler.Editor", "MarioControler.Editor.csproj", "{D0689DB0-D7CF-02BC-3EE2-7B4C9D368608}"
EndProject
Global
	GlobalSection(SolutionConfigurationPlatforms) = preSolution
		Debug|Any CPU = Debug|Any CPU
		Release|Any CPU = Release|Any CPU
	EndGlobalSection
	GlobalSection(ProjectConfigurationPlatforms) = postSolution
		{16E22602-6571-4FA6-51B4-FAB5AFC6640A}.Debug|Any CPU.ActiveCfg = Debug|Any CPU
		{16E22602-6571-4FA6-51B4-FAB5AFC6640A}.Debug|Any CPU.Build.0 = Debug|Any CPU
		{16E22602-6571-4FA6-51B4-FAB5AFC6640A}.Release|Any CPU.ActiveCfg = Release|Any CPU
		{16E22602-6571-4FA6-51B4-FAB5AFC6640A}.Release|Any CPU.Build.0 = Release|Any CPU
		{D0689DB0-D7CF-02BC-3EE2-7B4C9D368608}.Debug|Any CPU.ActiveCfg = Debug|Any CPU
		{D0689DB0-D7CF-02BC-3EE2-7B4C9D368608}.Debug|Any CPU.Build.0 = Debug|Any CPU
		{D0689DB0-D7CF-02BC-3EE2-7B4C9D368608}.Release|Any CPU.ActiveCfg = Release|Any CPU
		{D0689DB0-D7CF-02BC-3EE2-7B4C9D368608}.Release|Any CPU.Build.0 = Release|Any CPU
	EndGlobalSection
	GlobalSection(SolutionProperties) = preSolution
		HideSolutionNode = FALSE
	EndGlobalSection
EndGlobal
