
Microsoft Visual Studio Solution File, Format Version 12.00
# Visual Studio 15
VisualStudioVersion = 15.0.27428.2002
MinimumVisualStudioVersion = 10.0.40219.1
Project("{8BC9CEB8-8B4A-11D0-8D11-00A0C91BC942}") = "Chapitre1_SurchargeOperateurs", "Chapitre1_SurchargeOperateurs\Chapitre1_SurchargeOperateurs.vcxproj", "{6D7D40B2-0AEC-48BE-BAE8-A5D3DE7CCFD8}"
EndProject
Global
	GlobalSection(SolutionConfigurationPlatforms) = preSolution
		Debug|x64 = Debug|x64
		Debug|x86 = Debug|x86
		Release|x64 = Release|x64
		Release|x86 = Release|x86
	EndGlobalSection
	GlobalSection(ProjectConfigurationPlatforms) = postSolution
		{6D7D40B2-0AEC-48BE-BAE8-A5D3DE7CCFD8}.Debug|x64.ActiveCfg = Debug|x64
		{6D7D40B2-0AEC-48BE-BAE8-A5D3DE7CCFD8}.Debug|x64.Build.0 = Debug|x64
		{6D7D40B2-0AEC-48BE-BAE8-A5D3DE7CCFD8}.Debug|x86.ActiveCfg = Debug|Win32
		{6D7D40B2-0AEC-48BE-BAE8-A5D3DE7CCFD8}.Debug|x86.Build.0 = Debug|Win32
		{6D7D40B2-0AEC-48BE-BAE8-A5D3DE7CCFD8}.Release|x64.ActiveCfg = Release|x64
		{6D7D40B2-0AEC-48BE-BAE8-A5D3DE7CCFD8}.Release|x64.Build.0 = Release|x64
		{6D7D40B2-0AEC-48BE-BAE8-A5D3DE7CCFD8}.Release|x86.ActiveCfg = Release|Win32
		{6D7D40B2-0AEC-48BE-BAE8-A5D3DE7CCFD8}.Release|x86.Build.0 = Release|Win32
	EndGlobalSection
	GlobalSection(SolutionProperties) = preSolution
		HideSolutionNode = FALSE
	EndGlobalSection
	GlobalSection(ExtensibilityGlobals) = postSolution
		SolutionGuid = {6CE83CD4-0C75-4D56-8718-F5ABF95B899C}
	EndGlobalSection
EndGlobal
