
Microsoft Visual Studio Solution File, Format Version 12.00
# Visual Studio 15
VisualStudioVersion = 15.0.27428.2002
MinimumVisualStudioVersion = 10.0.40219.1
Project("{8BC9CEB8-8B4A-11D0-8D11-00A0C91BC942}") = "Chapitre1_Sort_Array", "Chapitre1_Sort_Array\Chapitre1_Sort_Array.vcxproj", "{F2DE85F1-6FBF-4D97-BAAA-DB64F5C7021F}"
EndProject
Global
	GlobalSection(SolutionConfigurationPlatforms) = preSolution
		Debug|x64 = Debug|x64
		Debug|x86 = Debug|x86
		Release|x64 = Release|x64
		Release|x86 = Release|x86
	EndGlobalSection
	GlobalSection(ProjectConfigurationPlatforms) = postSolution
		{F2DE85F1-6FBF-4D97-BAAA-DB64F5C7021F}.Debug|x64.ActiveCfg = Debug|x64
		{F2DE85F1-6FBF-4D97-BAAA-DB64F5C7021F}.Debug|x64.Build.0 = Debug|x64
		{F2DE85F1-6FBF-4D97-BAAA-DB64F5C7021F}.Debug|x86.ActiveCfg = Debug|Win32
		{F2DE85F1-6FBF-4D97-BAAA-DB64F5C7021F}.Debug|x86.Build.0 = Debug|Win32
		{F2DE85F1-6FBF-4D97-BAAA-DB64F5C7021F}.Release|x64.ActiveCfg = Release|x64
		{F2DE85F1-6FBF-4D97-BAAA-DB64F5C7021F}.Release|x64.Build.0 = Release|x64
		{F2DE85F1-6FBF-4D97-BAAA-DB64F5C7021F}.Release|x86.ActiveCfg = Release|Win32
		{F2DE85F1-6FBF-4D97-BAAA-DB64F5C7021F}.Release|x86.Build.0 = Release|Win32
	EndGlobalSection
	GlobalSection(SolutionProperties) = preSolution
		HideSolutionNode = FALSE
	EndGlobalSection
	GlobalSection(ExtensibilityGlobals) = postSolution
		SolutionGuid = {A429D656-26F7-4557-A1A7-C5B37526CCA0}
	EndGlobalSection
EndGlobal
