
Microsoft Visual Studio Solution File, Format Version 12.00
# Visual Studio 15
VisualStudioVersion = 15.0.27428.2002
MinimumVisualStudioVersion = 10.0.40219.1
Project("{8BC9CEB8-8B4A-11D0-8D11-00A0C91BC942}") = "Chapitre1_Reference_Parametre", "Chapitre1_Reference_Parametre\Chapitre1_Reference_Parametre.vcxproj", "{552C3348-3243-4B65-8F43-69C7A23F0CEB}"
EndProject
Global
	GlobalSection(SolutionConfigurationPlatforms) = preSolution
		Debug|x64 = Debug|x64
		Debug|x86 = Debug|x86
		Release|x64 = Release|x64
		Release|x86 = Release|x86
	EndGlobalSection
	GlobalSection(ProjectConfigurationPlatforms) = postSolution
		{552C3348-3243-4B65-8F43-69C7A23F0CEB}.Debug|x64.ActiveCfg = Debug|x64
		{552C3348-3243-4B65-8F43-69C7A23F0CEB}.Debug|x64.Build.0 = Debug|x64
		{552C3348-3243-4B65-8F43-69C7A23F0CEB}.Debug|x86.ActiveCfg = Debug|Win32
		{552C3348-3243-4B65-8F43-69C7A23F0CEB}.Debug|x86.Build.0 = Debug|Win32
		{552C3348-3243-4B65-8F43-69C7A23F0CEB}.Release|x64.ActiveCfg = Release|x64
		{552C3348-3243-4B65-8F43-69C7A23F0CEB}.Release|x64.Build.0 = Release|x64
		{552C3348-3243-4B65-8F43-69C7A23F0CEB}.Release|x86.ActiveCfg = Release|Win32
		{552C3348-3243-4B65-8F43-69C7A23F0CEB}.Release|x86.Build.0 = Release|Win32
	EndGlobalSection
	GlobalSection(SolutionProperties) = preSolution
		HideSolutionNode = FALSE
	EndGlobalSection
	GlobalSection(ExtensibilityGlobals) = postSolution
		SolutionGuid = {62E1F43E-2132-46C2-921D-3364C55A6DB0}
	EndGlobalSection
EndGlobal
