
Microsoft Visual Studio Solution File, Format Version 12.00
# Visual Studio 15
VisualStudioVersion = 15.0.26730.12
MinimumVisualStudioVersion = 10.0.40219.1
Project("{8BC9CEB8-8B4A-11D0-8D11-00A0C91BC942}") = "AlgoLab2", "AlgoLab2\AlgoLab2.vcxproj", "{4150CE63-5429-40D6-B460-F4AA27664B7E}"
EndProject
Global
	GlobalSection(SolutionConfigurationPlatforms) = preSolution
		Debug|x64 = Debug|x64
		Debug|x86 = Debug|x86
		Release|x64 = Release|x64
		Release|x86 = Release|x86
	EndGlobalSection
	GlobalSection(ProjectConfigurationPlatforms) = postSolution
		{4150CE63-5429-40D6-B460-F4AA27664B7E}.Debug|x64.ActiveCfg = Debug|x64
		{4150CE63-5429-40D6-B460-F4AA27664B7E}.Debug|x64.Build.0 = Debug|x64
		{4150CE63-5429-40D6-B460-F4AA27664B7E}.Debug|x86.ActiveCfg = Debug|Win32
		{4150CE63-5429-40D6-B460-F4AA27664B7E}.Debug|x86.Build.0 = Debug|Win32
		{4150CE63-5429-40D6-B460-F4AA27664B7E}.Release|x64.ActiveCfg = Release|x64
		{4150CE63-5429-40D6-B460-F4AA27664B7E}.Release|x64.Build.0 = Release|x64
		{4150CE63-5429-40D6-B460-F4AA27664B7E}.Release|x86.ActiveCfg = Release|Win32
		{4150CE63-5429-40D6-B460-F4AA27664B7E}.Release|x86.Build.0 = Release|Win32
	EndGlobalSection
	GlobalSection(SolutionProperties) = preSolution
		HideSolutionNode = FALSE
	EndGlobalSection
	GlobalSection(ExtensibilityGlobals) = postSolution
		SolutionGuid = {1A3B6A94-C565-44A7-8B4E-41BB6CCF5828}
	EndGlobalSection
EndGlobal
