
Microsoft Visual Studio Solution File, Format Version 12.00
# Visual Studio 2017
Project("{FAE04EC0-301F-11D3-BF4B-00C04F79EFBC}") = "LevelGenerator++", "LevelGenerator++.csproj", "{8F76132E-0503-80C8-E9E7-03F0E40B48E5}"
EndProject
Project("{FAE04EC0-301F-11D3-BF4B-00C04F79EFBC}") = "LevelGenerator++.Editor", "LevelGenerator++.Editor.csproj", "{65BE52D7-F1C1-8776-C618-CA220F3103BF}"
EndProject
Global
	GlobalSection(SolutionConfigurationPlatforms) = preSolution
		Debug|Any CPU = Debug|Any CPU
		Release|Any CPU = Release|Any CPU
	EndGlobalSection
	GlobalSection(ProjectConfigurationPlatforms) = postSolution
		{8F76132E-0503-80C8-E9E7-03F0E40B48E5}.Debug|Any CPU.ActiveCfg = Debug|Any CPU
		{8F76132E-0503-80C8-E9E7-03F0E40B48E5}.Debug|Any CPU.Build.0 = Debug|Any CPU
		{8F76132E-0503-80C8-E9E7-03F0E40B48E5}.Release|Any CPU.ActiveCfg = Release|Any CPU
		{8F76132E-0503-80C8-E9E7-03F0E40B48E5}.Release|Any CPU.Build.0 = Release|Any CPU
		{65BE52D7-F1C1-8776-C618-CA220F3103BF}.Debug|Any CPU.ActiveCfg = Debug|Any CPU
		{65BE52D7-F1C1-8776-C618-CA220F3103BF}.Debug|Any CPU.Build.0 = Debug|Any CPU
		{65BE52D7-F1C1-8776-C618-CA220F3103BF}.Release|Any CPU.ActiveCfg = Release|Any CPU
		{65BE52D7-F1C1-8776-C618-CA220F3103BF}.Release|Any CPU.Build.0 = Release|Any CPU
	EndGlobalSection
	GlobalSection(SolutionProperties) = preSolution
		HideSolutionNode = FALSE
	EndGlobalSection
EndGlobal
