
Microsoft Visual Studio Solution File, Format Version 12.00
# Visual Studio 2017
Project("{FAE04EC0-301F-11D3-BF4B-00C04F79EFBC}") = "LevelGenerator", "LevelGenerator.csproj", "{492B0A1F-6A5E-C3C9-6801-8F9EC3BEFF1A}"
EndProject
Project("{FAE04EC0-301F-11D3-BF4B-00C04F79EFBC}") = "LevelGenerator.Editor", "LevelGenerator.Editor.csproj", "{B0D8EDAC-46F2-5DBE-B923-A60180F3EA64}"
EndProject
Global
	GlobalSection(SolutionConfigurationPlatforms) = preSolution
		Debug|Any CPU = Debug|Any CPU
		Release|Any CPU = Release|Any CPU
	EndGlobalSection
	GlobalSection(ProjectConfigurationPlatforms) = postSolution
		{492B0A1F-6A5E-C3C9-6801-8F9EC3BEFF1A}.Debug|Any CPU.ActiveCfg = Debug|Any CPU
		{492B0A1F-6A5E-C3C9-6801-8F9EC3BEFF1A}.Debug|Any CPU.Build.0 = Debug|Any CPU
		{492B0A1F-6A5E-C3C9-6801-8F9EC3BEFF1A}.Release|Any CPU.ActiveCfg = Release|Any CPU
		{492B0A1F-6A5E-C3C9-6801-8F9EC3BEFF1A}.Release|Any CPU.Build.0 = Release|Any CPU
		{B0D8EDAC-46F2-5DBE-B923-A60180F3EA64}.Debug|Any CPU.ActiveCfg = Debug|Any CPU
		{B0D8EDAC-46F2-5DBE-B923-A60180F3EA64}.Debug|Any CPU.Build.0 = Debug|Any CPU
		{B0D8EDAC-46F2-5DBE-B923-A60180F3EA64}.Release|Any CPU.ActiveCfg = Release|Any CPU
		{B0D8EDAC-46F2-5DBE-B923-A60180F3EA64}.Release|Any CPU.Build.0 = Release|Any CPU
	EndGlobalSection
	GlobalSection(SolutionProperties) = preSolution
		HideSolutionNode = FALSE
	EndGlobalSection
EndGlobal
