
Microsoft Visual Studio Solution File, Format Version 12.00
# Visual Studio 2017
Project("{FAE04EC0-301F-11D3-BF4B-00C04F79EFBC}") = "NotesOutils", "NotesOutils.csproj", "{1F372D1D-740D-4CA9-9EEE-93A58AD143BD}"
EndProject
Project("{FAE04EC0-301F-11D3-BF4B-00C04F79EFBC}") = "NotesOutils.Editor", "NotesOutils.Editor.csproj", "{9B910145-80BF-C41F-AB25-86B294EB3B8D}"
EndProject
Global
	GlobalSection(SolutionConfigurationPlatforms) = preSolution
		Debug|Any CPU = Debug|Any CPU
		Release|Any CPU = Release|Any CPU
	EndGlobalSection
	GlobalSection(ProjectConfigurationPlatforms) = postSolution
		{1F372D1D-740D-4CA9-9EEE-93A58AD143BD}.Debug|Any CPU.ActiveCfg = Debug|Any CPU
		{1F372D1D-740D-4CA9-9EEE-93A58AD143BD}.Debug|Any CPU.Build.0 = Debug|Any CPU
		{1F372D1D-740D-4CA9-9EEE-93A58AD143BD}.Release|Any CPU.ActiveCfg = Release|Any CPU
		{1F372D1D-740D-4CA9-9EEE-93A58AD143BD}.Release|Any CPU.Build.0 = Release|Any CPU
		{9B910145-80BF-C41F-AB25-86B294EB3B8D}.Debug|Any CPU.ActiveCfg = Debug|Any CPU
		{9B910145-80BF-C41F-AB25-86B294EB3B8D}.Debug|Any CPU.Build.0 = Debug|Any CPU
		{9B910145-80BF-C41F-AB25-86B294EB3B8D}.Release|Any CPU.ActiveCfg = Release|Any CPU
		{9B910145-80BF-C41F-AB25-86B294EB3B8D}.Release|Any CPU.Build.0 = Release|Any CPU
	EndGlobalSection
	GlobalSection(SolutionProperties) = preSolution
		HideSolutionNode = FALSE
	EndGlobalSection
EndGlobal
