
Microsoft Visual Studio Solution File, Format Version 12.00
# Visual Studio 15
VisualStudioVersion = 15.0.26730.12
MinimumVisualStudioVersion = 10.0.40219.1
Project("{8BC9CEB8-8B4A-11D0-8D11-00A0C91BC942}") = "AlgoLab5", "AlgoLab5\AlgoLab5.vcxproj", "{FBBBBE9E-5E88-48B9-BC7E-6554AEFF730C}"
EndProject
Global
	GlobalSection(SolutionConfigurationPlatforms) = preSolution
		Debug|x64 = Debug|x64
		Debug|x86 = Debug|x86
		Release|x64 = Release|x64
		Release|x86 = Release|x86
	EndGlobalSection
	GlobalSection(ProjectConfigurationPlatforms) = postSolution
		{FBBBBE9E-5E88-48B9-BC7E-6554AEFF730C}.Debug|x64.ActiveCfg = Debug|x64
		{FBBBBE9E-5E88-48B9-BC7E-6554AEFF730C}.Debug|x64.Build.0 = Debug|x64
		{FBBBBE9E-5E88-48B9-BC7E-6554AEFF730C}.Debug|x86.ActiveCfg = Debug|Win32
		{FBBBBE9E-5E88-48B9-BC7E-6554AEFF730C}.Debug|x86.Build.0 = Debug|Win32
		{FBBBBE9E-5E88-48B9-BC7E-6554AEFF730C}.Release|x64.ActiveCfg = Release|x64
		{FBBBBE9E-5E88-48B9-BC7E-6554AEFF730C}.Release|x64.Build.0 = Release|x64
		{FBBBBE9E-5E88-48B9-BC7E-6554AEFF730C}.Release|x86.ActiveCfg = Release|Win32
		{FBBBBE9E-5E88-48B9-BC7E-6554AEFF730C}.Release|x86.Build.0 = Release|Win32
	EndGlobalSection
	GlobalSection(SolutionProperties) = preSolution
		HideSolutionNode = FALSE
	EndGlobalSection
	GlobalSection(ExtensibilityGlobals) = postSolution
		SolutionGuid = {81263277-57B7-4678-9580-B2EE8842DCC7}
	EndGlobalSection
EndGlobal
