
Microsoft Visual Studio Solution File, Format Version 12.00
# Visual Studio 2017
Project("{FAE04EC0-301F-11D3-BF4B-00C04F79EFBC}") = "TP2_Gameplay", "TP2_Gameplay.csproj", "{77CBFE7D-CFBE-51D2-6956-F11CBCB67113}"
EndProject
Global
	GlobalSection(SolutionConfigurationPlatforms) = preSolution
		Debug|Any CPU = Debug|Any CPU
		Release|Any CPU = Release|Any CPU
	EndGlobalSection
	GlobalSection(ProjectConfigurationPlatforms) = postSolution
		{77CBFE7D-CFBE-51D2-6956-F11CBCB67113}.Debug|Any CPU.ActiveCfg = Debug|Any CPU
		{77CBFE7D-CFBE-51D2-6956-F11CBCB67113}.Debug|Any CPU.Build.0 = Debug|Any CPU
		{77CBFE7D-CFBE-51D2-6956-F11CBCB67113}.Release|Any CPU.ActiveCfg = Release|Any CPU
		{77CBFE7D-CFBE-51D2-6956-F11CBCB67113}.Release|Any CPU.Build.0 = Release|Any CPU
	EndGlobalSection
	GlobalSection(SolutionProperties) = preSolution
		HideSolutionNode = FALSE
	EndGlobalSection
EndGlobal
