
Microsoft Visual Studio Solution File, Format Version 12.00
# Visual Studio 2017
Project("{FAE04EC0-301F-11D3-BF4B-00C04F79EFBC}") = "Scriptable object", "Scriptable object.csproj", "{FD96AC59-3E94-510B-74B0-2662E5E09493}"
EndProject
Global
	GlobalSection(SolutionConfigurationPlatforms) = preSolution
		Debug|Any CPU = Debug|Any CPU
		Release|Any CPU = Release|Any CPU
	EndGlobalSection
	GlobalSection(ProjectConfigurationPlatforms) = postSolution
		{FD96AC59-3E94-510B-74B0-2662E5E09493}.Debug|Any CPU.ActiveCfg = Debug|Any CPU
		{FD96AC59-3E94-510B-74B0-2662E5E09493}.Debug|Any CPU.Build.0 = Debug|Any CPU
		{FD96AC59-3E94-510B-74B0-2662E5E09493}.Release|Any CPU.ActiveCfg = Release|Any CPU
		{FD96AC59-3E94-510B-74B0-2662E5E09493}.Release|Any CPU.Build.0 = Release|Any CPU
	EndGlobalSection
	GlobalSection(SolutionProperties) = preSolution
		HideSolutionNode = FALSE
	EndGlobalSection
EndGlobal
